github.com/aodin/date v0.0.0-20160219192542-c5f6146fc644 h1:aqktQkVrYfSYX8IdyN9N3LDcmIbZ06IWMlPLDtq++ys=
github.com/aodin/date v0.0.0-20160219192542-c5f6146fc644/go.mod h1:Y67DEzoJLCDRgyUova4kxp9RUTTH0htwS2RpVj4ywPU=
github.com/gorilla/schema v1.2.0 h1:YufUaxZYCKGFuAq3c96BOhjgd5nmXiOY9NGzF247Tsc=
github.com/gorilla/schema v1.2.0/go.mod h1:kgLaKoK1FELgZqMAVxx/5cbj0kT+57qxUrAlIO2eleU=
gopkg.in/guregu/null.v3 v3.5.0 h1:xTcasT8ETfMcUHn0zTvIYtQud/9Mx5dJqD554SZct0o=
gopkg.in/guregu/null.v3 v3.5.0/go.mod h1:E4tX2Qe3h7QdL+uZ3a0vqvYwKQsRSQKM5V4YltdgH9Y=
